{
    "name": "latynka-web",
    "version": "1.0.0",
    "lockfileVersion": 2,
    "requires": true,
    "packages": {
        "": {
            "name": "latynka-web",
            "version": "1.0.0",
            "license": "Apache-2.0",
            "dependencies": {
                "@juliakramr/latynka": "^1.1.6"
            }
        },
        "node_modules/@juliakramr/latynka": {
            "version": "1.1.6",
            "resolved": "https://registry.npmjs.org/@juliakramr/latynka/-/latynka-1.1.6.tgz",
            "integrity": "sha512-DtYZsRYKk3BiZnsrRKDngaIEB1oYoczSF+o+1Qf+zrwMABL8fNQUKgH65VXN6n7lf1hXAMMzkHky9PKyEhR6FA=="
        }
    },
    "dependencies": {
        "@juliakramr/latynka": {
            "version": "1.1.6",
            "resolved": "https://registry.npmjs.org/@juliakramr/latynka/-/latynka-1.1.6.tgz",
            "integrity": "sha512-DtYZsRYKk3BiZnsrRKDngaIEB1oYoczSF+o+1Qf+zrwMABL8fNQUKgH65VXN6n7lf1hXAMMzkHky9PKyEhR6FA=="
        }
    }
}